
Microsoft Visual Studio Solution File, Format Version 12.00
# Visual Studio Version 17
VisualStudioVersion = 17.13.35828.75
MinimumVisualStudioVersion = 10.0.40219.1
Project("{8BC9CEB8-8B4A-11D0-8D11-00A0C91BC942}") = "Leetcode", "Leetcode\Leetcode.vcxproj", "{A71F35EB-E1A2-435B-922D-42C35DB4E9B7}"
EndProject
Project("{2150E333-8FDC-42A3-9474-1A3956D46DE8}") = "LeetcodeTasks", "LeetcodeTasks", "{02EA681E-C7D8-13C7-8484-4AC65E1B71E8}"
EndProject
Project("{8BC9CEB8-8B4A-11D0-8D11-00A0C91BC942}") = "Candy", "Tasks\Candy\Candy.vcxproj", "{DD55094A-713F-42CE-A3B2-B1CA016A72C7}"
EndProject
Project("{8BC9CEB8-8B4A-11D0-8D11-00A0C91BC942}") = "GasStation", "Tasks\GasStation\GasStation.vcxproj", "{F7F6D328-808A-4D5C-A654-6050D1FC049F}"
EndProject
Project("{8BC9CEB8-8B4A-11D0-8D11-00A0C91BC942}") = "HIndex", "Tasks\HIndex\HIndex.vcxproj", "{F2A65711-A527-40D0-B58D-707DDAE3A428}"
EndProject
Project("{8BC9CEB8-8B4A-11D0-8D11-00A0C91BC942}") = "JumpGame", "Tasks\JumpGame\JumpGame.vcxproj", "{70BA54D1-6ECB-413A-8D48-4E12E00596E4}"
EndProject
Project("{8BC9CEB8-8B4A-11D0-8D11-00A0C91BC942}") = "RomanToInt", "Tasks\RomanToInt\RomanToInt.vcxproj", "{5F6A8FA5-8B15-49FC-A662-5B080CFF6E3D}"
EndProject
Project("{8BC9CEB8-8B4A-11D0-8D11-00A0C91BC942}") = "RemoveElement", "Tasks\RemoveElement\RemoveElement.vcxproj", "{E02EB18E-063B-4C35-92F1-1236295FF6E4}"
EndProject
Project("{8BC9CEB8-8B4A-11D0-8D11-00A0C91BC942}") = "MergeSortedArray", "Tasks\MergeSortedArray\MergeSortedArray.vcxproj", "{5210F962-85B1-4862-A519-EB94981614B7}"
EndProject
Project("{8BC9CEB8-8B4A-11D0-8D11-00A0C91BC942}") = "RemoveDuplicates", "Tasks\RemoveDuplicates\RemoveDuplicates.vcxproj", "{B6E9A723-73B8-431B-B023-E134EDEA78B2}"
EndProject
Project("{8BC9CEB8-8B4A-11D0-8D11-00A0C91BC942}") = "RemoveDuplicates2", "Tasks\RemoveDuplicates2\RemoveDuplicates2.vcxproj", "{2E127DF9-7FC6-40F2-825C-9BC8014CD38D}"
EndProject
Global
	GlobalSection(SolutionConfigurationPlatforms) = preSolution
		Debug|x64 = Debug|x64
		Debug|x86 = Debug|x86
		Release|x64 = Release|x64
		Release|x86 = Release|x86
	EndGlobalSection
	GlobalSection(ProjectConfigurationPlatforms) = postSolution
		{A71F35EB-E1A2-435B-922D-42C35DB4E9B7}.Debug|x64.ActiveCfg = Debug|x64
		{A71F35EB-E1A2-435B-922D-42C35DB4E9B7}.Debug|x64.Build.0 = Debug|x64
		{A71F35EB-E1A2-435B-922D-42C35DB4E9B7}.Debug|x86.ActiveCfg = Debug|x64
		{A71F35EB-E1A2-435B-922D-42C35DB4E9B7}.Debug|x86.Build.0 = Debug|x64
		{A71F35EB-E1A2-435B-922D-42C35DB4E9B7}.Release|x64.ActiveCfg = Release|x64
		{A71F35EB-E1A2-435B-922D-42C35DB4E9B7}.Release|x64.Build.0 = Release|x64
		{A71F35EB-E1A2-435B-922D-42C35DB4E9B7}.Release|x86.ActiveCfg = Release|Win32
		{A71F35EB-E1A2-435B-922D-42C35DB4E9B7}.Release|x86.Build.0 = Release|Win32
		{DD55094A-713F-42CE-A3B2-B1CA016A72C7}.Debug|x64.ActiveCfg = Debug|x64
		{DD55094A-713F-42CE-A3B2-B1CA016A72C7}.Debug|x64.Build.0 = Debug|x64
		{DD55094A-713F-42CE-A3B2-B1CA016A72C7}.Debug|x86.ActiveCfg = Debug|Win32
		{DD55094A-713F-42CE-A3B2-B1CA016A72C7}.Debug|x86.Build.0 = Debug|Win32
		{DD55094A-713F-42CE-A3B2-B1CA016A72C7}.Release|x64.ActiveCfg = Release|x64
		{DD55094A-713F-42CE-A3B2-B1CA016A72C7}.Release|x64.Build.0 = Release|x64
		{DD55094A-713F-42CE-A3B2-B1CA016A72C7}.Release|x86.ActiveCfg = Release|Win32
		{DD55094A-713F-42CE-A3B2-B1CA016A72C7}.Release|x86.Build.0 = Release|Win32
		{F7F6D328-808A-4D5C-A654-6050D1FC049F}.Debug|x64.ActiveCfg = Debug|x64
		{F7F6D328-808A-4D5C-A654-6050D1FC049F}.Debug|x64.Build.0 = Debug|x64
		{F7F6D328-808A-4D5C-A654-6050D1FC049F}.Debug|x86.ActiveCfg = Debug|Win32
		{F7F6D328-808A-4D5C-A654-6050D1FC049F}.Debug|x86.Build.0 = Debug|Win32
		{F7F6D328-808A-4D5C-A654-6050D1FC049F}.Release|x64.ActiveCfg = Release|x64
		{F7F6D328-808A-4D5C-A654-6050D1FC049F}.Release|x64.Build.0 = Release|x64
		{F7F6D328-808A-4D5C-A654-6050D1FC049F}.Release|x86.ActiveCfg = Release|Win32
		{F7F6D328-808A-4D5C-A654-6050D1FC049F}.Release|x86.Build.0 = Release|Win32
		{F2A65711-A527-40D0-B58D-707DDAE3A428}.Debug|x64.ActiveCfg = Debug|x64
		{F2A65711-A527-40D0-B58D-707DDAE3A428}.Debug|x64.Build.0 = Debug|x64
		{F2A65711-A527-40D0-B58D-707DDAE3A428}.Debug|x86.ActiveCfg = Debug|Win32
		{F2A65711-A527-40D0-B58D-707DDAE3A428}.Debug|x86.Build.0 = Debug|Win32
		{F2A65711-A527-40D0-B58D-707DDAE3A428}.Release|x64.ActiveCfg = Release|x64
		{F2A65711-A527-40D0-B58D-707DDAE3A428}.Release|x64.Build.0 = Release|x64
		{F2A65711-A527-40D0-B58D-707DDAE3A428}.Release|x86.ActiveCfg = Release|Win32
		{F2A65711-A527-40D0-B58D-707DDAE3A428}.Release|x86.Build.0 = Release|Win32
		{70BA54D1-6ECB-413A-8D48-4E12E00596E4}.Debug|x64.ActiveCfg = Debug|x64
		{70BA54D1-6ECB-413A-8D48-4E12E00596E4}.Debug|x64.Build.0 = Debug|x64
		{70BA54D1-6ECB-413A-8D48-4E12E00596E4}.Debug|x86.ActiveCfg = Debug|Win32
		{70BA54D1-6ECB-413A-8D48-4E12E00596E4}.Debug|x86.Build.0 = Debug|Win32
		{70BA54D1-6ECB-413A-8D48-4E12E00596E4}.Release|x64.ActiveCfg = Release|x64
		{70BA54D1-6ECB-413A-8D48-4E12E00596E4}.Release|x64.Build.0 = Release|x64
		{70BA54D1-6ECB-413A-8D48-4E12E00596E4}.Release|x86.ActiveCfg = Release|Win32
		{70BA54D1-6ECB-413A-8D48-4E12E00596E4}.Release|x86.Build.0 = Release|Win32
		{5F6A8FA5-8B15-49FC-A662-5B080CFF6E3D}.Debug|x64.ActiveCfg = Debug|x64
		{5F6A8FA5-8B15-49FC-A662-5B080CFF6E3D}.Debug|x64.Build.0 = Debug|x64
		{5F6A8FA5-8B15-49FC-A662-5B080CFF6E3D}.Debug|x86.ActiveCfg = Debug|Win32
		{5F6A8FA5-8B15-49FC-A662-5B080CFF6E3D}.Debug|x86.Build.0 = Debug|Win32
		{5F6A8FA5-8B15-49FC-A662-5B080CFF6E3D}.Release|x64.ActiveCfg = Release|x64
		{5F6A8FA5-8B15-49FC-A662-5B080CFF6E3D}.Release|x64.Build.0 = Release|x64
		{5F6A8FA5-8B15-49FC-A662-5B080CFF6E3D}.Release|x86.ActiveCfg = Release|Win32
		{5F6A8FA5-8B15-49FC-A662-5B080CFF6E3D}.Release|x86.Build.0 = Release|Win32
		{E02EB18E-063B-4C35-92F1-1236295FF6E4}.Debug|x64.ActiveCfg = Debug|x64
		{E02EB18E-063B-4C35-92F1-1236295FF6E4}.Debug|x64.Build.0 = Debug|x64
		{E02EB18E-063B-4C35-92F1-1236295FF6E4}.Debug|x86.ActiveCfg = Debug|Win32
		{E02EB18E-063B-4C35-92F1-1236295FF6E4}.Debug|x86.Build.0 = Debug|Win32
		{E02EB18E-063B-4C35-92F1-1236295FF6E4}.Release|x64.ActiveCfg = Release|x64
		{E02EB18E-063B-4C35-92F1-1236295FF6E4}.Release|x64.Build.0 = Release|x64
		{E02EB18E-063B-4C35-92F1-1236295FF6E4}.Release|x86.ActiveCfg = Release|Win32
		{E02EB18E-063B-4C35-92F1-1236295FF6E4}.Release|x86.Build.0 = Release|Win32
		{5210F962-85B1-4862-A519-EB94981614B7}.Debug|x64.ActiveCfg = Debug|x64
		{5210F962-85B1-4862-A519-EB94981614B7}.Debug|x64.Build.0 = Debug|x64
		{5210F962-85B1-4862-A519-EB94981614B7}.Debug|x86.ActiveCfg = Debug|Win32
		{5210F962-85B1-4862-A519-EB94981614B7}.Debug|x86.Build.0 = Debug|Win32
		{5210F962-85B1-4862-A519-EB94981614B7}.Release|x64.ActiveCfg = Release|x64
		{5210F962-85B1-4862-A519-EB94981614B7}.Release|x64.Build.0 = Release|x64
		{5210F962-85B1-4862-A519-EB94981614B7}.Release|x86.ActiveCfg = Release|Win32
		{5210F962-85B1-4862-A519-EB94981614B7}.Release|x86.Build.0 = Release|Win32
		{B6E9A723-73B8-431B-B023-E134EDEA78B2}.Debug|x64.ActiveCfg = Debug|x64
		{B6E9A723-73B8-431B-B023-E134EDEA78B2}.Debug|x64.Build.0 = Debug|x64
		{B6E9A723-73B8-431B-B023-E134EDEA78B2}.Debug|x86.ActiveCfg = Debug|Win32
		{B6E9A723-73B8-431B-B023-E134EDEA78B2}.Debug|x86.Build.0 = Debug|Win32
		{B6E9A723-73B8-431B-B023-E134EDEA78B2}.Release|x64.ActiveCfg = Release|x64
		{B6E9A723-73B8-431B-B023-E134EDEA78B2}.Release|x64.Build.0 = Release|x64
		{B6E9A723-73B8-431B-B023-E134EDEA78B2}.Release|x86.ActiveCfg = Release|Win32
		{B6E9A723-73B8-431B-B023-E134EDEA78B2}.Release|x86.Build.0 = Release|Win32
		{2E127DF9-7FC6-40F2-825C-9BC8014CD38D}.Debug|x64.ActiveCfg = Debug|x64
		{2E127DF9-7FC6-40F2-825C-9BC8014CD38D}.Debug|x64.Build.0 = Debug|x64
		{2E127DF9-7FC6-40F2-825C-9BC8014CD38D}.Debug|x86.ActiveCfg = Debug|Win32
		{2E127DF9-7FC6-40F2-825C-9BC8014CD38D}.Debug|x86.Build.0 = Debug|Win32
		{2E127DF9-7FC6-40F2-825C-9BC8014CD38D}.Release|x64.ActiveCfg = Release|x64
		{2E127DF9-7FC6-40F2-825C-9BC8014CD38D}.Release|x64.Build.0 = Release|x64
		{2E127DF9-7FC6-40F2-825C-9BC8014CD38D}.Release|x86.ActiveCfg = Release|Win32
		{2E127DF9-7FC6-40F2-825C-9BC8014CD38D}.Release|x86.Build.0 = Release|Win32
	EndGlobalSection
	GlobalSection(SolutionProperties) = preSolution
		HideSolutionNode = FALSE
	EndGlobalSection
	GlobalSection(NestedProjects) = preSolution
		{DD55094A-713F-42CE-A3B2-B1CA016A72C7} = {02EA681E-C7D8-13C7-8484-4AC65E1B71E8}
		{F7F6D328-808A-4D5C-A654-6050D1FC049F} = {02EA681E-C7D8-13C7-8484-4AC65E1B71E8}
		{F2A65711-A527-40D0-B58D-707DDAE3A428} = {02EA681E-C7D8-13C7-8484-4AC65E1B71E8}
		{70BA54D1-6ECB-413A-8D48-4E12E00596E4} = {02EA681E-C7D8-13C7-8484-4AC65E1B71E8}
		{5F6A8FA5-8B15-49FC-A662-5B080CFF6E3D} = {02EA681E-C7D8-13C7-8484-4AC65E1B71E8}
		{E02EB18E-063B-4C35-92F1-1236295FF6E4} = {02EA681E-C7D8-13C7-8484-4AC65E1B71E8}
		{5210F962-85B1-4862-A519-EB94981614B7} = {02EA681E-C7D8-13C7-8484-4AC65E1B71E8}
		{B6E9A723-73B8-431B-B023-E134EDEA78B2} = {02EA681E-C7D8-13C7-8484-4AC65E1B71E8}
		{2E127DF9-7FC6-40F2-825C-9BC8014CD38D} = {02EA681E-C7D8-13C7-8484-4AC65E1B71E8}
	EndGlobalSection
	GlobalSection(ExtensibilityGlobals) = postSolution
		SolutionGuid = {933DC339-D4AE-47ED-B94D-16EC8E2E583A}
	EndGlobalSection
EndGlobal
